
Microsoft Visual Studio Solution File, Format Version 12.00
# Visual Studio Version 16
VisualStudioVersion = 16.0.29709.97
MinimumVisualStudioVersion = 10.0.40219.1
Project("{FAE04EC0-301F-11D3-BF4B-00C04F79EFBC}") = "DBLayer", "DBLayer\DBLayer.csproj", "{1C800679-8661-495D-AC05-43672BF6F486}"
EndProject
Project("{FAE04EC0-301F-11D3-BF4B-00C04F79EFBC}") = "ServerControls", "ServerControls\ServerControls.csproj", "{1122BB16-0608-445D-B816-F5BB35A87F93}"
EndProject
Project("{FAE04EC0-301F-11D3-BF4B-00C04F79EFBC}") = "MusicStudioApplication", "MusicStudioApplication\MusicStudioApplication.csproj", "{620EDF17-9459-409D-A294-9488E65E0E91}"
EndProject
Project("{9A19103F-16F7-4668-BE54-9A1E7A4F7556}") = "MusicStudioModels", "MusicStudioModels\MusicStudioModels.csproj", "{ADE3BDED-12E9-49F6-9223-3F3ECD8EC1F7}"
EndProject
Project("{FAE04EC0-301F-11D3-BF4B-00C04F79EFBC}") = "BLService", "BLService\BLService.csproj", "{B1203763-353D-4AE0-A1EF-C04351DD558F}"
EndProject
Project("{FAE04EC0-301F-11D3-BF4B-00C04F79EFBC}") = "BLInterfaces", "BLInterfaces\BLInterfaces.csproj", "{9155DD91-FEFC-4558-9AFF-80060F57FA0C}"
EndProject
Global
	GlobalSection(SolutionConfigurationPlatforms) = preSolution
		Debug|Any CPU = Debug|Any CPU
		Release|Any CPU = Release|Any CPU
	EndGlobalSection
	GlobalSection(ProjectConfigurationPlatforms) = postSolution
		{1C800679-8661-495D-AC05-43672BF6F486}.Debug|Any CPU.ActiveCfg = Debug|Any CPU
		{1C800679-8661-495D-AC05-43672BF6F486}.Debug|Any CPU.Build.0 = Debug|Any CPU
		{1C800679-8661-495D-AC05-43672BF6F486}.Release|Any CPU.ActiveCfg = Release|Any CPU
		{1C800679-8661-495D-AC05-43672BF6F486}.Release|Any CPU.Build.0 = Release|Any CPU
		{1122BB16-0608-445D-B816-F5BB35A87F93}.Debug|Any CPU.ActiveCfg = Debug|Any CPU
		{1122BB16-0608-445D-B816-F5BB35A87F93}.Debug|Any CPU.Build.0 = Debug|Any CPU
		{1122BB16-0608-445D-B816-F5BB35A87F93}.Release|Any CPU.ActiveCfg = Release|Any CPU
		{1122BB16-0608-445D-B816-F5BB35A87F93}.Release|Any CPU.Build.0 = Release|Any CPU
		{620EDF17-9459-409D-A294-9488E65E0E91}.Debug|Any CPU.ActiveCfg = Debug|Any CPU
		{620EDF17-9459-409D-A294-9488E65E0E91}.Debug|Any CPU.Build.0 = Debug|Any CPU
		{620EDF17-9459-409D-A294-9488E65E0E91}.Release|Any CPU.ActiveCfg = Release|Any CPU
		{620EDF17-9459-409D-A294-9488E65E0E91}.Release|Any CPU.Build.0 = Release|Any CPU
		{ADE3BDED-12E9-49F6-9223-3F3ECD8EC1F7}.Debug|Any CPU.ActiveCfg = Debug|Any CPU
		{ADE3BDED-12E9-49F6-9223-3F3ECD8EC1F7}.Debug|Any CPU.Build.0 = Debug|Any CPU
		{ADE3BDED-12E9-49F6-9223-3F3ECD8EC1F7}.Release|Any CPU.ActiveCfg = Release|Any CPU
		{ADE3BDED-12E9-49F6-9223-3F3ECD8EC1F7}.Release|Any CPU.Build.0 = Release|Any CPU
		{B1203763-353D-4AE0-A1EF-C04351DD558F}.Debug|Any CPU.ActiveCfg = Debug|Any CPU
		{B1203763-353D-4AE0-A1EF-C04351DD558F}.Debug|Any CPU.Build.0 = Debug|Any CPU
		{B1203763-353D-4AE0-A1EF-C04351DD558F}.Release|Any CPU.ActiveCfg = Release|Any CPU
		{B1203763-353D-4AE0-A1EF-C04351DD558F}.Release|Any CPU.Build.0 = Release|Any CPU
		{9155DD91-FEFC-4558-9AFF-80060F57FA0C}.Debug|Any CPU.ActiveCfg = Debug|Any CPU
		{9155DD91-FEFC-4558-9AFF-80060F57FA0C}.Debug|Any CPU.Build.0 = Debug|Any CPU
		{9155DD91-FEFC-4558-9AFF-80060F57FA0C}.Release|Any CPU.ActiveCfg = Release|Any CPU
		{9155DD91-FEFC-4558-9AFF-80060F57FA0C}.Release|Any CPU.Build.0 = Release|Any CPU
	EndGlobalSection
	GlobalSection(SolutionProperties) = preSolution
		HideSolutionNode = FALSE
	EndGlobalSection
	GlobalSection(ExtensibilityGlobals) = postSolution
		SolutionGuid = {D4ECADCD-32C0-4382-A29F-985AD2F844E5}
	EndGlobalSection
EndGlobal
