
Microsoft Visual Studio Solution File, Format Version 12.00
# Visual Studio Version 16
VisualStudioVersion = 16.0.29709.97
MinimumVisualStudioVersion = 10.0.40219.1
Project("{FAE04EC0-301F-11D3-BF4B-00C04F79EFBC}") = "MusicStudio", "MusicStudio\MusicStudio.csproj", "{286D91FB-D610-4404-A9D5-C0CD52ACE034}"
EndProject
Project("{FAE04EC0-301F-11D3-BF4B-00C04F79EFBC}") = "MyServerControls", "MyServerControls\MyServerControls.csproj", "{F277EB16-219A-43C3-96CB-76CECEC351BF}"
EndProject
Project("{FAE04EC0-301F-11D3-BF4B-00C04F79EFBC}") = "DbData", "DbData\DbData.csproj", "{C2AF698C-9FC8-4629-A1CF-9D7FF76622C2}"
EndProject
Global
	GlobalSection(SolutionConfigurationPlatforms) = preSolution
		Debug|Any CPU = Debug|Any CPU
		Release|Any CPU = Release|Any CPU
	EndGlobalSection
	GlobalSection(ProjectConfigurationPlatforms) = postSolution
		{286D91FB-D610-4404-A9D5-C0CD52ACE034}.Debug|Any CPU.ActiveCfg = Debug|Any CPU
		{286D91FB-D610-4404-A9D5-C0CD52ACE034}.Debug|Any CPU.Build.0 = Debug|Any CPU
		{286D91FB-D610-4404-A9D5-C0CD52ACE034}.Release|Any CPU.ActiveCfg = Release|Any CPU
		{286D91FB-D610-4404-A9D5-C0CD52ACE034}.Release|Any CPU.Build.0 = Release|Any CPU
		{F277EB16-219A-43C3-96CB-76CECEC351BF}.Debug|Any CPU.ActiveCfg = Debug|Any CPU
		{F277EB16-219A-43C3-96CB-76CECEC351BF}.Debug|Any CPU.Build.0 = Debug|Any CPU
		{F277EB16-219A-43C3-96CB-76CECEC351BF}.Release|Any CPU.ActiveCfg = Release|Any CPU
		{F277EB16-219A-43C3-96CB-76CECEC351BF}.Release|Any CPU.Build.0 = Release|Any CPU
		{C2AF698C-9FC8-4629-A1CF-9D7FF76622C2}.Debug|Any CPU.ActiveCfg = Debug|Any CPU
		{C2AF698C-9FC8-4629-A1CF-9D7FF76622C2}.Debug|Any CPU.Build.0 = Debug|Any CPU
		{C2AF698C-9FC8-4629-A1CF-9D7FF76622C2}.Release|Any CPU.ActiveCfg = Release|Any CPU
		{C2AF698C-9FC8-4629-A1CF-9D7FF76622C2}.Release|Any CPU.Build.0 = Release|Any CPU
	EndGlobalSection
	GlobalSection(SolutionProperties) = preSolution
		HideSolutionNode = FALSE
	EndGlobalSection
	GlobalSection(ExtensibilityGlobals) = postSolution
		SolutionGuid = {D4ECADCD-32C0-4382-A29F-985AD2F844E5}
	EndGlobalSection
EndGlobal
